
Terraform used the selected providers to generate the following execution
plan. Resource actions are indicated with the following symbols:
  + create

Terraform will perform the following actions:

  # module.bigquery.google_bigquery_dataset.gcp-dataset[0] will be created
  + resource "google_bigquery_dataset" "gcp-dataset" {
      + creation_time              = (known after apply)
      + dataset_id                 = "Dataset-1"
      + delete_contents_on_destroy = false
      + etag                       = (known after apply)
      + id                         = (known after apply)
      + labels                     = {
          + "environment" = "development"
        }
      + last_modified_time         = (known after apply)
      + location                   = "US"
      + project                    = "dezoomcamp-384523"
      + self_link                  = (known after apply)
    }

  # module.bigquery.google_bigquery_dataset.gcp-dataset[1] will be created
  + resource "google_bigquery_dataset" "gcp-dataset" {
      + creation_time              = (known after apply)
      + dataset_id                 = "Dataset-2"
      + delete_contents_on_destroy = false
      + etag                       = (known after apply)
      + id                         = (known after apply)
      + labels                     = {
          + "environment" = "development"
        }
      + last_modified_time         = (known after apply)
      + location                   = "US"
      + project                    = "dezoomcamp-384523"
      + self_link                  = (known after apply)
    }

  # module.bigquery.google_bigquery_table.gcp_tables[0] will be created
  + resource "google_bigquery_table" "gcp_tables" {
      + creation_time       = (known after apply)
      + dataset_id          = "Dataset-1"
      + deletion_protection = false
      + etag                = (known after apply)
      + expiration_time     = (known after apply)
      + id                  = (known after apply)
      + labels              = {
          + "environment" = "development"
        }
      + last_modified_time  = (known after apply)
      + location            = (known after apply)
      + num_bytes           = (known after apply)
      + num_long_term_bytes = (known after apply)
      + num_rows            = (known after apply)
      + project             = "dezoomcamp-384523"
      + schema              = jsonencode(
            [
              + {
                  + description = "The file name of the source file."
                  + mode        = "REQUIRED"
                  + name        = "_src_file_name"
                  + type        = "STRING"
                },
              + {
                  + description = "A hash code used as a Firestore document id."
                  + mode        = "REQUIRED"
                  + name        = "_firestore_doc_id"
                  + type        = "STRING"
                },
              + {
                  + description = "The timestamp when this record was processed during ingestion."
                  + mode        = "REQUIRED"
                  + name        = "_ingested_ts"
                  + type        = "TIMESTAMP"
                },
              + {
                  + description = "Code indicating the TPEP provider. 1=Creative Mobile Technologies, 2=VeriFone Inc."
                  + mode        = "NULLABLE"
                  + name        = "VendorID"
                  + type        = "INTEGER"
                },
              + {
                  + description = "The time when the meter was engaged."
                  + mode        = "NULLABLE"
                  + name        = "tpep_pickup_datetime"
                  + type        = "TIMESTAMP"
                },
              + {
                  + description = "The time when the meter was disengaged."
                  + mode        = "NULLABLE"
                  + name        = "tpep_dropoff_datetime"
                  + type        = "TIMESTAMP"
                },
              + {
                  + description = "The number of passengers in the vehicle."
                  + mode        = "NULLABLE"
                  + name        = "Passenger_count"
                  + type        = "INTEGER"
                },
              + {
                  + description = "The elapsed trip distance in miles."
                  + mode        = "NULLABLE"
                  + name        = "Trip_distance"
                  + type        = "FLOAT"
                },
              + {
                  + description = "The Taxi Zone where the meter was engaged."
                  + mode        = "NULLABLE"
                  + name        = "PULocationID"
                  + type        = "INTEGER"
                },
              + {
                  + description = "The Taxi Zone where the meter was disengaged."
                  + mode        = "NULLABLE"
                  + name        = "DOLocationID"
                  + type        = "INTEGER"
                },
              + {
                  + description = "The final rate code in effect. 1=Standard rate, 2=JFK, 3=Newark, 4=Nassau/Westchester, 5=Negotiated fare, 6=Group ride."
                  + mode        = "NULLABLE"
                  + name        = "RateCodeID"
                  + type        = "INTEGER"
                },
              + {
                  + description = "Flag indicating if the trip record was held in vehicle memory. Y=store and forward trip, N=not a store and forward trip."
                  + mode        = "NULLABLE"
                  + name        = "Store_and_fwd_flag"
                  + type        = "STRING"
                },
              + {
                  + description = "Numeric code for how passenger paid. 1=Credit card, 2=Cash, 3=No charge, 4=Dispute, 5=Unknown, 6=Voided trip."
                  + mode        = "NULLABLE"
                  + name        = "Payment_type"
                  + type        = "INTEGER"
                },
              + {
                  + description = "The time-and-distance fare calculated by the meter."
                  + mode        = "NULLABLE"
                  + name        = "Fare_amount"
                  + type        = "FLOAT"
                },
              + {
                  + description = "Miscellaneous extras and surcharges, such as $0.50 and $1 rush hour and overnight charges."
                  + mode        = "NULLABLE"
                  + name        = "Extra"
                  + type        = "FLOAT"
                },
              + {
                  + description = "$0.50 MTA tax triggered based on the metered rate in use."
                  + mode        = "NULLABLE"
                  + name        = "MTA_tax"
                  + type        = "FLOAT"
                },
              + {
                  + description = "$0.30 improvement surcharge assessed trips at the flag drop."
                  + mode        = "NULLABLE"
                  + name        = "Improvement_surcharge"
                  + type        = "FLOAT"
                },
              + {
                  + description = "Tip amount. This field is automatically populated for credit card tips. Cash tips are not included."
                  + mode        = "NULLABLE"
                  + name        = "Tip_amount"
                  + type        = "FLOAT"
                },
              + {
                  + description = "Total amount of all tolls paid in trip."
                  + mode        = "NULLABLE"
                  + name        = "Tolls_amount"
                  + type        = "FLOAT"
                },
              + {
                  + description = "The total amount charged to passengers. Does not include cash tips."
                  + mode        = "NULLABLE"
                  + name        = "Total_amount"
                  + type        = "FLOAT"
                },
            ]
        )
      + self_link           = (known after apply)
      + table_id            = "table1"
      + type                = (known after apply)
    }

  # module.storage.google_storage_bucket.my_bucket will be created
  + resource "google_storage_bucket" "my_bucket" {
      + force_destroy               = true
      + id                          = (known after apply)
      + location                    = "US-CENTRAL1"
      + name                        = "DEZcamp=bucket_dezoomcamp-384523"
      + project                     = (known after apply)
      + public_access_prevention    = (known after apply)
      + self_link                   = (known after apply)
      + storage_class               = "STANDARD"
      + uniform_bucket_level_access = true
      + url                         = (known after apply)

      + versioning {
          + enabled = true
        }
    }

Plan: 4 to add, 0 to change, 0 to destroy.

─────────────────────────────────────────────────────────────────────────────

Note: You didn't use the -out option to save this plan, so Terraform can't
guarantee to take exactly these actions if you run "terraform apply" now.
